{
  "name": "Fullstack-Ecommerce",
  "lockfileVersion": 3,
  "requires": true,
  "packages": {
    "": {
      "dependencies": {
        "@expo/html-elements": "^0.4.2",
        "@gluestack-ui/image": "^0.1.17"
      }
    },
    "node_modules/@expo/html-elements": {
      "version": "0.4.2",
      "resolved": "https://registry.npmjs.org/@expo/html-elements/-/html-elements-0.4.2.tgz",
      "integrity": "sha512-lNioCgdtOrCMMqzHY+PCTdyuWBTU4yMBlOzPSkS4YFIWt9bq0zexM2ZJkpybTXmowNdE3zHO93xxAmiA2yDi2w=="
    },
    "node_modules/@gluestack-ui/image": {
      "version": "0.1.17",
      "resolved": "https://registry.npmjs.org/@gluestack-ui/image/-/image-0.1.17.tgz",
      "integrity": "sha512-hcyTVBUw55bSjEpyynIZJVm3Ff6lcjKXFT55f890oy2PNGyFdsKr6V+t/jy5n/2fwbv1eR2KU0uDDiI2vmBh+A==",
      "dependencies": {
        "@gluestack-ui/utils": "^0.1.15",
        "@react-native-aria/focus": "^0.2.9",
        "@react-native-aria/interactions": "0.2.16"
      },
      "peerDependencies": {
        "react": ">=16",
        "react-dom": ">=16"
      }
    },
    "node_modules/@gluestack-ui/utils": {
      "version": "0.1.15",
      "resolved": "https://registry.npmjs.org/@gluestack-ui/utils/-/utils-0.1.15.tgz",
      "integrity": "sha512-LRBMv+tr+bV4falMYS2zSt94PxL0vpvUN6F9d6oTqOYKhkiAkU6k2ROfNlT323m0CoTQto1LkJhPxULisQ2oeQ==",
      "dependencies": {
        "@react-native-aria/focus": "^0.2.9"
      },
      "peerDependencies": {
        "react": ">=16",
        "react-dom": ">=16"
      }
    },
    "node_modules/@react-aria/focus": {
      "version": "3.20.5",
      "resolved": "https://registry.npmjs.org/@react-aria/focus/-/focus-3.20.5.tgz",
      "integrity": "sha512-JpFtXmWQ0Oca7FcvkqgjSyo6xEP7v3oQOLUId6o0xTvm4AD5W0mU2r3lYrbhsJ+XxdUUX4AVR5473sZZ85kU4A==",
      "dependencies": {
        "@react-aria/interactions": "^3.25.3",
        "@react-aria/utils": "^3.29.1",
        "@react-types/shared": "^3.30.0",
        "@swc/helpers": "^0.5.0",
        "clsx": "^2.0.0"
      },
      "peerDependencies": {
        "react": "^16.8.0 || ^17.0.0-rc.1 || ^18.0.0 || ^19.0.0-rc.1",
        "react-dom": "^16.8.0 || ^17.0.0-rc.1 || ^18.0.0 || ^19.0.0-rc.1"
      }
    },
    "node_modules/@react-aria/interactions": {
      "version": "3.25.3",
      "resolved": "https://registry.npmjs.org/@react-aria/interactions/-/interactions-3.25.3.tgz",
      "integrity": "sha512-J1bhlrNtjPS/fe5uJQ+0c7/jiXniwa4RQlP+Emjfc/iuqpW2RhbF9ou5vROcLzWIyaW8tVMZ468J68rAs/aZ5A==",
      "dependencies": {
        "@react-aria/ssr": "^3.9.9",
        "@react-aria/utils": "^3.29.1",
        "@react-stately/flags": "^3.1.2",
        "@react-types/shared": "^3.30.0",
        "@swc/helpers": "^0.5.0"
      },
      "peerDependencies": {
        "react": "^16.8.0 || ^17.0.0-rc.1 || ^18.0.0 || ^19.0.0-rc.1",
        "react-dom": "^16.8.0 || ^17.0.0-rc.1 || ^18.0.0 || ^19.0.0-rc.1"
      }
    },
    "node_modules/@react-aria/ssr": {
      "version": "3.9.9",
      "resolved": "https://registry.npmjs.org/@react-aria/ssr/-/ssr-3.9.9.tgz",
      "integrity": "sha512-2P5thfjfPy/np18e5wD4WPt8ydNXhij1jwA8oehxZTFqlgVMGXzcWKxTb4RtJrLFsqPO7RUQTiY8QJk0M4Vy2g==",
      "dependencies": {
        "@swc/helpers": "^0.5.0"
      },
      "engines": {
        "node": ">= 12"
      },
      "peerDependencies": {
        "react": "^16.8.0 || ^17.0.0-rc.1 || ^18.0.0 || ^19.0.0-rc.1"
      }
    },
    "node_modules/@react-aria/utils": {
      "version": "3.29.1",
      "resolved": "https://registry.npmjs.org/@react-aria/utils/-/utils-3.29.1.tgz",
      "integrity": "sha512-yXMFVJ73rbQ/yYE/49n5Uidjw7kh192WNN9PNQGV0Xoc7EJUlSOxqhnpHmYTyO0EotJ8fdM1fMH8durHjUSI8g==",
      "dependencies": {
        "@react-aria/ssr": "^3.9.9",
        "@react-stately/flags": "^3.1.2",
        "@react-stately/utils": "^3.10.7",
        "@react-types/shared": "^3.30.0",
        "@swc/helpers": "^0.5.0",
        "clsx": "^2.0.0"
      },
      "peerDependencies": {
        "react": "^16.8.0 || ^17.0.0-rc.1 || ^18.0.0 || ^19.0.0-rc.1",
        "react-dom": "^16.8.0 || ^17.0.0-rc.1 || ^18.0.0 || ^19.0.0-rc.1"
      }
    },
    "node_modules/@react-native-aria/focus": {
      "version": "0.2.9",
      "resolved": "https://registry.npmjs.org/@react-native-aria/focus/-/focus-0.2.9.tgz",
      "integrity": "sha512-zVgOIzKwnsyyurUxlZnzUKB2ekK/cmK64sQJIKKUlkJKVxd2EAFf7Sjz/NVEoMhTODN3qGRASTv9bMk/pBzzVA==",
      "dependencies": {
        "@react-aria/focus": "^3.2.3"
      },
      "peerDependencies": {
        "react": "*",
        "react-native": "*"
      }
    },
    "node_modules/@react-native-aria/interactions": {
      "version": "0.2.16",
      "resolved": "https://registry.npmjs.org/@react-native-aria/interactions/-/interactions-0.2.16.tgz",
      "integrity": "sha512-tJ7mhG0P6cElLTcL4yfV3HSfqdD8tpAwHKjtamyeua8i6tsu7BOxGmfGmPQ5ueJl7/mHqf8xyTv1xGW288CKXQ==",
      "dependencies": {
        "@react-aria/interactions": "^3.3.2",
        "@react-aria/utils": "^3.6.0",
        "@react-native-aria/utils": "0.2.12"
      },
      "peerDependencies": {
        "react": "*",
        "react-native": "*"
      }
    },
    "node_modules/@react-native-aria/utils": {
      "version": "0.2.12",
      "resolved": "https://registry.npmjs.org/@react-native-aria/utils/-/utils-0.2.12.tgz",
      "integrity": "sha512-752/tQ5fjDdc/3Gw8cKqml4NucfiFrO8wPmlg0bBgaCvfQDJaUMi4grme3/fBPCUoK2wk9/yJHfwkv45Gi5Eew==",
      "dependencies": {
        "@react-aria/ssr": "^3.0.1",
        "@react-aria/utils": "^3.3.0"
      },
      "peerDependencies": {
        "react": "*",
        "react-native": "*"
      }
    },
    "node_modules/@react-stately/flags": {
      "version": "3.1.2",
      "resolved": "https://registry.npmjs.org/@react-stately/flags/-/flags-3.1.2.tgz",
      "integrity": "sha512-2HjFcZx1MyQXoPqcBGALwWWmgFVUk2TuKVIQxCbRq7fPyWXIl6VHcakCLurdtYC2Iks7zizvz0Idv48MQ38DWg==",
      "dependencies": {
        "@swc/helpers": "^0.5.0"
      }
    },
    "node_modules/@react-stately/utils": {
      "version": "3.10.7",
      "resolved": "https://registry.npmjs.org/@react-stately/utils/-/utils-3.10.7.tgz",
      "integrity": "sha512-cWvjGAocvy4abO9zbr6PW6taHgF24Mwy/LbQ4TC4Aq3tKdKDntxyD+sh7AkSRfJRT2ccMVaHVv2+FfHThd3PKQ==",
      "dependencies": {
        "@swc/helpers": "^0.5.0"
      },
      "peerDependencies": {
        "react": "^16.8.0 || ^17.0.0-rc.1 || ^18.0.0 || ^19.0.0-rc.1"
      }
    },
    "node_modules/@react-types/shared": {
      "version": "3.30.0",
      "resolved": "https://registry.npmjs.org/@react-types/shared/-/shared-3.30.0.tgz",
      "integrity": "sha512-COIazDAx1ncDg046cTJ8SFYsX8aS3lB/08LDnbkH/SkdYrFPWDlXMrO/sUam8j1WWM+PJ+4d1mj7tODIKNiFog==",
      "peerDependencies": {
        "react": "^16.8.0 || ^17.0.0-rc.1 || ^18.0.0 || ^19.0.0-rc.1"
      }
    },
    "node_modules/@swc/helpers": {
      "version": "0.5.17",
      "resolved": "https://registry.npmjs.org/@swc/helpers/-/helpers-0.5.17.tgz",
      "integrity": "sha512-5IKx/Y13RsYd+sauPb2x+U/xZikHjolzfuDgTAl/Tdf3Q8rslRvC19NKDLgAJQ6wsqADk10ntlv08nPFw/gO/A==",
      "dependencies": {
        "tslib": "^2.8.0"
      }
    },
    "node_modules/clsx": {
      "version": "2.1.1",
      "resolved": "https://registry.npmjs.org/clsx/-/clsx-2.1.1.tgz",
      "integrity": "sha512-eYm0QWBtUrBWZWG0d386OGAw16Z995PiOVo2B7bjWSbHedGl5e0ZWaq65kOGgUSNesEIDkB9ISbTg/JK9dhCZA==",
      "engines": {
        "node": ">=6"
      }
    },
    "node_modules/tslib": {
      "version": "2.8.1",
      "resolved": "https://registry.npmjs.org/tslib/-/tslib-2.8.1.tgz",
      "integrity": "sha512-oJFu94HQb+KVduSUQL7wnpmqnfmLsOA/nAh6b6EH0wCEoK0/mPeXU6c3wKDV83MkOuHPRHtSXKKU99IBazS/2w=="
    }
  }
}
